// !$*UTF8*$!
{
	archiveVersion = 1;
	classes = {
	};
	objectVersion = 56;
	objects = {

/* Begin PBXBuildFile section */
		812E8AA2294D13DA005E0275 /* TouchdownApp.swift in Sources */ = {isa = PBXBuildFile; fileRef = 812E8AA1294D13DA005E0275 /* TouchdownApp.swift */; };
		812E8AA4294D13DA005E0275 /* ContentView.swift in Sources */ = {isa = PBXBuildFile; fileRef = 812E8AA3294D13DA005E0275 /* ContentView.swift */; };
		812E8AA6294D13DB005E0275 /* Assets.xcassets in Resources */ = {isa = PBXBuildFile; fileRef = 812E8AA5294D13DB005E0275 /* Assets.xcassets */; };
		812E8AA9294D13DB005E0275 /* Preview Assets.xcassets in Resources */ = {isa = PBXBuildFile; fileRef = 812E8AA8294D13DB005E0275 /* Preview Assets.xcassets */; };
		812E8AB4294D1478005E0275 /* brand.json in Resources */ = {isa = PBXBuildFile; fileRef = 812E8AB0294D1478005E0275 /* brand.json */; };
		812E8AB5294D1478005E0275 /* player.json in Resources */ = {isa = PBXBuildFile; fileRef = 812E8AB1294D1478005E0275 /* player.json */; };
		812E8AB6294D1478005E0275 /* category.json in Resources */ = {isa = PBXBuildFile; fileRef = 812E8AB2294D1478005E0275 /* category.json */; };
		812E8AB7294D1478005E0275 /* product.json in Resources */ = {isa = PBXBuildFile; fileRef = 812E8AB3294D1478005E0275 /* product.json */; };
		812E8ABD294D14D8005E0275 /* Constants.swift in Sources */ = {isa = PBXBuildFile; fileRef = 812E8ABC294D14D8005E0275 /* Constants.swift */; };
		812E8AC2294D1627005E0275 /* FooterView.swift in Sources */ = {isa = PBXBuildFile; fileRef = 812E8AC1294D1627005E0275 /* FooterView.swift */; };
		8147F1DD294E5EC500232054 /* NavigationBarView.swift in Sources */ = {isa = PBXBuildFile; fileRef = 8147F1DC294E5EC500232054 /* NavigationBarView.swift */; };
		8147F1DF294E5FC600232054 /* LogoView.swift in Sources */ = {isa = PBXBuildFile; fileRef = 8147F1DE294E5FC600232054 /* LogoView.swift */; };
		8147F1E4294E689A00232054 /* ExtensionUrlBundle.swift in Sources */ = {isa = PBXBuildFile; fileRef = 8147F1E3294E689A00232054 /* ExtensionUrlBundle.swift */; };
		8147F1E6294E6BEC00232054 /* PlayersModel.swift in Sources */ = {isa = PBXBuildFile; fileRef = 8147F1E5294E6BEC00232054 /* PlayersModel.swift */; };
		8147F1E8294E6DA400232054 /* FeaturedItemView.swift in Sources */ = {isa = PBXBuildFile; fileRef = 8147F1E7294E6DA400232054 /* FeaturedItemView.swift */; };
		8147F1EA294E6E1B00232054 /* FeaturedTabView.swift in Sources */ = {isa = PBXBuildFile; fileRef = 8147F1E9294E6E1B00232054 /* FeaturedTabView.swift */; };
		8155B76E294F4EC500573178 /* CategoriesModel.swift in Sources */ = {isa = PBXBuildFile; fileRef = 8155B76D294F4EC400573178 /* CategoriesModel.swift */; };
		8155B770294F4FB000573178 /* CategoryItemView.swift in Sources */ = {isa = PBXBuildFile; fileRef = 8155B76F294F4FB000573178 /* CategoryItemView.swift */; };
		8155B772294F563E00573178 /* CategoryGridView.swift in Sources */ = {isa = PBXBuildFile; fileRef = 8155B771294F563E00573178 /* CategoryGridView.swift */; };
		8155B774294F59C800573178 /* SectionView.swift in Sources */ = {isa = PBXBuildFile; fileRef = 8155B773294F59C800573178 /* SectionView.swift */; };
		81DCCF6D2953A90500A03D3E /* TitleView.swift in Sources */ = {isa = PBXBuildFile; fileRef = 81DCCF6C2953A90500A03D3E /* TitleView.swift */; };
		81DCCF6F2953A92B00A03D3E /* ProductModel.swift in Sources */ = {isa = PBXBuildFile; fileRef = 81DCCF6E2953A92B00A03D3E /* ProductModel.swift */; };
		81DCCF712953AB3700A03D3E /* ProductItemView.swift in Sources */ = {isa = PBXBuildFile; fileRef = 81DCCF702953AB3700A03D3E /* ProductItemView.swift */; };
		81DCCF732953B1A600A03D3E /* BrandItemView.swift in Sources */ = {isa = PBXBuildFile; fileRef = 81DCCF722953B1A600A03D3E /* BrandItemView.swift */; };
		81DCCF752953B1B900A03D3E /* BrandModel.swift in Sources */ = {isa = PBXBuildFile; fileRef = 81DCCF742953B1B900A03D3E /* BrandModel.swift */; };
		81DCCF772953B2F100A03D3E /* BrandGridView.swift in Sources */ = {isa = PBXBuildFile; fileRef = 81DCCF762953B2F100A03D3E /* BrandGridView.swift */; };
		81DCCF792953BE3F00A03D3E /* ProductDetailView.swift in Sources */ = {isa = PBXBuildFile; fileRef = 81DCCF782953BE3F00A03D3E /* ProductDetailView.swift */; };
		81DCCF7B2953BF2000A03D3E /* NavigationBarDetailView.swift in Sources */ = {isa = PBXBuildFile; fileRef = 81DCCF7A2953BF2000A03D3E /* NavigationBarDetailView.swift */; };
		81DCCF7D2953C2E100A03D3E /* HeaderDetailView.swift in Sources */ = {isa = PBXBuildFile; fileRef = 81DCCF7C2953C2E100A03D3E /* HeaderDetailView.swift */; };
		81DCCF7F2953C4CF00A03D3E /* TopDetailView.swift in Sources */ = {isa = PBXBuildFile; fileRef = 81DCCF7E2953C4CF00A03D3E /* TopDetailView.swift */; };
/* End PBXBuildFile section */

/* Begin PBXFileReference section */
		812E8A9E294D13DA005E0275 /* Touchdown.app */ = {isa = PBXFileReference; explicitFileType = wrapper.application; includeInIndex = 0; path = Touchdown.app; sourceTree = BUILT_PRODUCTS_DIR; };
		812E8AA1294D13DA005E0275 /* TouchdownApp.swift */ = {isa = PBXFileReference; lastKnownFileType = sourcecode.swift; path = TouchdownApp.swift; sourceTree = "<group>"; };
		812E8AA3294D13DA005E0275 /* ContentView.swift */ = {isa = PBXFileReference; lastKnownFileType = sourcecode.swift; path = ContentView.swift; sourceTree = "<group>"; };
		812E8AA5294D13DB005E0275 /* Assets.xcassets */ = {isa = PBXFileReference; lastKnownFileType = folder.assetcatalog; path = Assets.xcassets; sourceTree = "<group>"; };
		812E8AA8294D13DB005E0275 /* Preview Assets.xcassets */ = {isa = PBXFileReference; lastKnownFileType = folder.assetcatalog; path = "Preview Assets.xcassets"; sourceTree = "<group>"; };
		812E8AB0294D1478005E0275 /* brand.json */ = {isa = PBXFileReference; fileEncoding = 4; lastKnownFileType = text.json; path = brand.json; sourceTree = "<group>"; };
		812E8AB1294D1478005E0275 /* player.json */ = {isa = PBXFileReference; fileEncoding = 4; lastKnownFileType = text.json; path = player.json; sourceTree = "<group>"; };
		812E8AB2294D1478005E0275 /* category.json */ = {isa = PBXFileReference; fileEncoding = 4; lastKnownFileType = text.json; path = category.json; sourceTree = "<group>"; };
		812E8AB3294D1478005E0275 /* product.json */ = {isa = PBXFileReference; fileEncoding = 4; lastKnownFileType = text.json; path = product.json; sourceTree = "<group>"; };
		812E8ABC294D14D8005E0275 /* Constants.swift */ = {isa = PBXFileReference; lastKnownFileType = sourcecode.swift; path = Constants.swift; sourceTree = "<group>"; };
		812E8ABE294D1536005E0275 /* Info.plist */ = {isa = PBXFileReference; lastKnownFileType = text.plist; path = Info.plist; sourceTree = "<group>"; };
		812E8AC1294D1627005E0275 /* FooterView.swift */ = {isa = PBXFileReference; lastKnownFileType = sourcecode.swift; path = FooterView.swift; sourceTree = "<group>"; };
		8147F1DC294E5EC500232054 /* NavigationBarView.swift */ = {isa = PBXFileReference; lastKnownFileType = sourcecode.swift; path = NavigationBarView.swift; sourceTree = "<group>"; };
		8147F1DE294E5FC600232054 /* LogoView.swift */ = {isa = PBXFileReference; lastKnownFileType = sourcecode.swift; path = LogoView.swift; sourceTree = "<group>"; };
		8147F1E3294E689A00232054 /* ExtensionUrlBundle.swift */ = {isa = PBXFileReference; lastKnownFileType = sourcecode.swift; path = ExtensionUrlBundle.swift; sourceTree = "<group>"; };
		8147F1E5294E6BEC00232054 /* PlayersModel.swift */ = {isa = PBXFileReference; lastKnownFileType = sourcecode.swift; path = PlayersModel.swift; sourceTree = "<group>"; };
		8147F1E7294E6DA400232054 /* FeaturedItemView.swift */ = {isa = PBXFileReference; lastKnownFileType = sourcecode.swift; path = FeaturedItemView.swift; sourceTree = "<group>"; };
		8147F1E9294E6E1B00232054 /* FeaturedTabView.swift */ = {isa = PBXFileReference; lastKnownFileType = sourcecode.swift; path = FeaturedTabView.swift; sourceTree = "<group>"; };
		8155B76D294F4EC400573178 /* CategoriesModel.swift */ = {isa = PBXFileReference; lastKnownFileType = sourcecode.swift; path = CategoriesModel.swift; sourceTree = "<group>"; };
		8155B76F294F4FB000573178 /* CategoryItemView.swift */ = {isa = PBXFileReference; lastKnownFileType = sourcecode.swift; path = CategoryItemView.swift; sourceTree = "<group>"; };
		8155B771294F563E00573178 /* CategoryGridView.swift */ = {isa = PBXFileReference; lastKnownFileType = sourcecode.swift; path = CategoryGridView.swift; sourceTree = "<group>"; };
		8155B773294F59C800573178 /* SectionView.swift */ = {isa = PBXFileReference; lastKnownFileType = sourcecode.swift; path = SectionView.swift; sourceTree = "<group>"; };
		81DCCF6C2953A90500A03D3E /* TitleView.swift */ = {isa = PBXFileReference; lastKnownFileType = sourcecode.swift; path = TitleView.swift; sourceTree = "<group>"; };
		81DCCF6E2953A92B00A03D3E /* ProductModel.swift */ = {isa = PBXFileReference; lastKnownFileType = sourcecode.swift; path = ProductModel.swift; sourceTree = "<group>"; };
		81DCCF702953AB3700A03D3E /* ProductItemView.swift */ = {isa = PBXFileReference; lastKnownFileType = sourcecode.swift; path = ProductItemView.swift; sourceTree = "<group>"; };
		81DCCF722953B1A600A03D3E /* BrandItemView.swift */ = {isa = PBXFileReference; lastKnownFileType = sourcecode.swift; path = BrandItemView.swift; sourceTree = "<group>"; };
		81DCCF742953B1B900A03D3E /* BrandModel.swift */ = {isa = PBXFileReference; lastKnownFileType = sourcecode.swift; path = BrandModel.swift; sourceTree = "<group>"; };
		81DCCF762953B2F100A03D3E /* BrandGridView.swift */ = {isa = PBXFileReference; lastKnownFileType = sourcecode.swift; path = BrandGridView.swift; sourceTree = "<group>"; };
		81DCCF782953BE3F00A03D3E /* ProductDetailView.swift */ = {isa = PBXFileReference; lastKnownFileType = sourcecode.swift; path = ProductDetailView.swift; sourceTree = "<group>"; };
		81DCCF7A2953BF2000A03D3E /* NavigationBarDetailView.swift */ = {isa = PBXFileReference; lastKnownFileType = sourcecode.swift; path = NavigationBarDetailView.swift; sourceTree = "<group>"; };
		81DCCF7C2953C2E100A03D3E /* HeaderDetailView.swift */ = {isa = PBXFileReference; lastKnownFileType = sourcecode.swift; path = HeaderDetailView.swift; sourceTree = "<group>"; };
		81DCCF7E2953C4CF00A03D3E /* TopDetailView.swift */ = {isa = PBXFileReference; lastKnownFileType = sourcecode.swift; path = TopDetailView.swift; sourceTree = "<group>"; };
/* End PBXFileReference section */

/* Begin PBXFrameworksBuildPhase section */
		812E8A9B294D13DA005E0275 /* Frameworks */ = {
			isa = PBXFrameworksBuildPhase;
			buildActionMask = 2147483647;
			files = (
			);
			runOnlyForDeploymentPostprocessing = 0;
		};
/* End PBXFrameworksBuildPhase section */

/* Begin PBXGroup section */
		812E8A95294D13DA005E0275 = {
			isa = PBXGroup;
			children = (
				812E8AA0294D13DA005E0275 /* Touchdown */,
				812E8A9F294D13DA005E0275 /* Products */,
			);
			sourceTree = "<group>";
		};
		812E8A9F294D13DA005E0275 /* Products */ = {
			isa = PBXGroup;
			children = (
				812E8A9E294D13DA005E0275 /* Touchdown.app */,
			);
			name = Products;
			sourceTree = "<group>";
		};
		812E8AA0294D13DA005E0275 /* Touchdown */ = {
			isa = PBXGroup;
			children = (
				812E8ABF294D15F8005E0275 /* View */,
				812E8ABB294D14A2005E0275 /* Utility */,
				812E8ABA294D1499005E0275 /* Extension */,
				812E8AB9294D1493005E0275 /* Model */,
				812E8AB8294D1483005E0275 /* App */,
				812E8AAF294D1478005E0275 /* Data */,
				812E8AA7294D13DB005E0275 /* Preview Content */,
				812E8ABE294D1536005E0275 /* Info.plist */,
				812E8AA5294D13DB005E0275 /* Assets.xcassets */,
			);
			path = Touchdown;
			sourceTree = "<group>";
		};
		812E8AA7294D13DB005E0275 /* Preview Content */ = {
			isa = PBXGroup;
			children = (
				812E8AA8294D13DB005E0275 /* Preview Assets.xcassets */,
			);
			path = "Preview Content";
			sourceTree = "<group>";
		};
		812E8AAF294D1478005E0275 /* Data */ = {
			isa = PBXGroup;
			children = (
				812E8AB0294D1478005E0275 /* brand.json */,
				812E8AB1294D1478005E0275 /* player.json */,
				812E8AB2294D1478005E0275 /* category.json */,
				812E8AB3294D1478005E0275 /* product.json */,
			);
			path = Data;
			sourceTree = "<group>";
		};
		812E8AB8294D1483005E0275 /* App */ = {
			isa = PBXGroup;
			children = (
				812E8AA1294D13DA005E0275 /* TouchdownApp.swift */,
				812E8AA3294D13DA005E0275 /* ContentView.swift */,
				81DCCF782953BE3F00A03D3E /* ProductDetailView.swift */,
			);
			path = App;
			sourceTree = "<group>";
		};
		812E8AB9294D1493005E0275 /* Model */ = {
			isa = PBXGroup;
			children = (
				8147F1E5294E6BEC00232054 /* PlayersModel.swift */,
				8155B76D294F4EC400573178 /* CategoriesModel.swift */,
				81DCCF6E2953A92B00A03D3E /* ProductModel.swift */,
				81DCCF742953B1B900A03D3E /* BrandModel.swift */,
			);
			path = Model;
			sourceTree = "<group>";
		};
		812E8ABA294D1499005E0275 /* Extension */ = {
			isa = PBXGroup;
			children = (
				8147F1E3294E689A00232054 /* ExtensionUrlBundle.swift */,
			);
			path = Extension;
			sourceTree = "<group>";
		};
		812E8ABB294D14A2005E0275 /* Utility */ = {
			isa = PBXGroup;
			children = (
				812E8ABC294D14D8005E0275 /* Constants.swift */,
			);
			path = Utility;
			sourceTree = "<group>";
		};
		812E8ABF294D15F8005E0275 /* View */ = {
			isa = PBXGroup;
			children = (
				812E8AC1294D1627005E0275 /* FooterView.swift */,
				8147F1DC294E5EC500232054 /* NavigationBarView.swift */,
				8147F1DE294E5FC600232054 /* LogoView.swift */,
				8147F1E7294E6DA400232054 /* FeaturedItemView.swift */,
				8147F1E9294E6E1B00232054 /* FeaturedTabView.swift */,
				8155B76F294F4FB000573178 /* CategoryItemView.swift */,
				8155B771294F563E00573178 /* CategoryGridView.swift */,
				8155B773294F59C800573178 /* SectionView.swift */,
				81DCCF6C2953A90500A03D3E /* TitleView.swift */,
				81DCCF702953AB3700A03D3E /* ProductItemView.swift */,
				81DCCF722953B1A600A03D3E /* BrandItemView.swift */,
				81DCCF762953B2F100A03D3E /* BrandGridView.swift */,
				81DCCF7A2953BF2000A03D3E /* NavigationBarDetailView.swift */,
				81DCCF7C2953C2E100A03D3E /* HeaderDetailView.swift */,
				81DCCF7E2953C4CF00A03D3E /* TopDetailView.swift */,
			);
			path = View;
			sourceTree = "<group>";
		};
/* End PBXGroup section */

/* Begin PBXNativeTarget section */
		812E8A9D294D13DA005E0275 /* Touchdown */ = {
			isa = PBXNativeTarget;
			buildConfigurationList = 812E8AAC294D13DB005E0275 /* Build configuration list for PBXNativeTarget "Touchdown" */;
			buildPhases = (
				812E8A9A294D13DA005E0275 /* Sources */,
				812E8A9B294D13DA005E0275 /* Frameworks */,
				812E8A9C294D13DA005E0275 /* Resources */,
			);
			buildRules = (
			);
			dependencies = (
			);
			name = Touchdown;
			productName = Touchdown;
			productReference = 812E8A9E294D13DA005E0275 /* Touchdown.app */;
			productType = "com.apple.product-type.application";
		};
/* End PBXNativeTarget section */

/* Begin PBXProject section */
		812E8A96294D13DA005E0275 /* Project object */ = {
			isa = PBXProject;
			attributes = {
				BuildIndependentTargetsInParallel = 1;
				LastSwiftUpdateCheck = 1400;
				LastUpgradeCheck = 1400;
				TargetAttributes = {
					812E8A9D294D13DA005E0275 = {
						CreatedOnToolsVersion = 14.0.1;
					};
				};
			};
			buildConfigurationList = 812E8A99294D13DA005E0275 /* Build configuration list for PBXProject "Touchdown" */;
			compatibilityVersion = "Xcode 14.0";
			developmentRegion = en;
			hasScannedForEncodings = 0;
			knownRegions = (
				en,
				Base,
			);
			mainGroup = 812E8A95294D13DA005E0275;
			productRefGroup = 812E8A9F294D13DA005E0275 /* Products */;
			projectDirPath = "";
			projectRoot = "";
			targets = (
				812E8A9D294D13DA005E0275 /* Touchdown */,
			);
		};
/* End PBXProject section */

/* Begin PBXResourcesBuildPhase section */
		812E8A9C294D13DA005E0275 /* Resources */ = {
			isa = PBXResourcesBuildPhase;
			buildActionMask = 2147483647;
			files = (
				812E8AB5294D1478005E0275 /* player.json in Resources */,
				812E8AA9294D13DB005E0275 /* Preview Assets.xcassets in Resources */,
				812E8AB6294D1478005E0275 /* category.json in Resources */,
				812E8AA6294D13DB005E0275 /* Assets.xcassets in Resources */,
				812E8AB4294D1478005E0275 /* brand.json in Resources */,
				812E8AB7294D1478005E0275 /* product.json in Resources */,
			);
			runOnlyForDeploymentPostprocessing = 0;
		};
/* End PBXResourcesBuildPhase section */

/* Begin PBXSourcesBuildPhase section */
		812E8A9A294D13DA005E0275 /* Sources */ = {
			isa = PBXSourcesBuildPhase;
			buildActionMask = 2147483647;
			files = (
				812E8AA4294D13DA005E0275 /* ContentView.swift in Sources */,
				8147F1DF294E5FC600232054 /* LogoView.swift in Sources */,
				812E8AC2294D1627005E0275 /* FooterView.swift in Sources */,
				812E8AA2294D13DA005E0275 /* TouchdownApp.swift in Sources */,
				8147F1E8294E6DA400232054 /* FeaturedItemView.swift in Sources */,
				81DCCF712953AB3700A03D3E /* ProductItemView.swift in Sources */,
				81DCCF772953B2F100A03D3E /* BrandGridView.swift in Sources */,
				812E8ABD294D14D8005E0275 /* Constants.swift in Sources */,
				81DCCF792953BE3F00A03D3E /* ProductDetailView.swift in Sources */,
				8147F1E4294E689A00232054 /* ExtensionUrlBundle.swift in Sources */,
				8155B772294F563E00573178 /* CategoryGridView.swift in Sources */,
				8147F1E6294E6BEC00232054 /* PlayersModel.swift in Sources */,
				8147F1EA294E6E1B00232054 /* FeaturedTabView.swift in Sources */,
				8155B774294F59C800573178 /* SectionView.swift in Sources */,
				8155B770294F4FB000573178 /* CategoryItemView.swift in Sources */,
				81DCCF7F2953C4CF00A03D3E /* TopDetailView.swift in Sources */,
				8155B76E294F4EC500573178 /* CategoriesModel.swift in Sources */,
				81DCCF7B2953BF2000A03D3E /* NavigationBarDetailView.swift in Sources */,
				8147F1DD294E5EC500232054 /* NavigationBarView.swift in Sources */,
				81DCCF732953B1A600A03D3E /* BrandItemView.swift in Sources */,
				81DCCF6D2953A90500A03D3E /* TitleView.swift in Sources */,
				81DCCF6F2953A92B00A03D3E /* ProductModel.swift in Sources */,
				81DCCF752953B1B900A03D3E /* BrandModel.swift in Sources */,
				81DCCF7D2953C2E100A03D3E /* HeaderDetailView.swift in Sources */,
			);
			runOnlyForDeploymentPostprocessing = 0;
		};
/* End PBXSourcesBuildPhase section */

/* Begin XCBuildConfiguration section */
		812E8AAA294D13DB005E0275 /* Debug */ = {
			isa = XCBuildConfiguration;
			buildSettings = {
				ALWAYS_SEARCH_USER_PATHS = NO;
				CLANG_ANALYZER_NONNULL = YES;
				CLANG_ANALYZER_NUMBER_OBJECT_CONVERSION = YES_AGGRESSIVE;
				CLANG_CXX_LANGUAGE_STANDARD = "gnu++20";
				CLANG_ENABLE_MODULES = YES;
				CLANG_ENABLE_OBJC_ARC = YES;
				CLANG_ENABLE_OBJC_WEAK = YES;
				CLANG_WARN_BLOCK_CAPTURE_AUTORELEASING = YES;
				CLANG_WARN_BOOL_CONVERSION = YES;
				CLANG_WARN_COMMA = YES;
				CLANG_WARN_CONSTANT_CONVERSION = YES;
				CLANG_WARN_DEPRECATED_OBJC_IMPLEMENTATIONS = YES;
				CLANG_WARN_DIRECT_OBJC_ISA_USAGE = YES_ERROR;
				CLANG_WARN_DOCUMENTATION_COMMENTS = YES;
				CLANG_WARN_EMPTY_BODY = YES;
				CLANG_WARN_ENUM_CONVERSION = YES;
				CLANG_WARN_INFINITE_RECURSION = YES;
				CLANG_WARN_INT_CONVERSION = YES;
				CLANG_WARN_NON_LITERAL_NULL_CONVERSION = YES;
				CLANG_WARN_OBJC_IMPLICIT_RETAIN_SELF = YES;
				CLANG_WARN_OBJC_LITERAL_CONVERSION = YES;
				CLANG_WARN_OBJC_ROOT_CLASS = YES_ERROR;
				CLANG_WARN_QUOTED_INCLUDE_IN_FRAMEWORK_HEADER = YES;
				CLANG_WARN_RANGE_LOOP_ANALYSIS = YES;
				CLANG_WARN_STRICT_PROTOTYPES = YES;
				CLANG_WARN_SUSPICIOUS_MOVE = YES;
				CLANG_WARN_UNGUARDED_AVAILABILITY = YES_AGGRESSIVE;
				CLANG_WARN_UNREACHABLE_CODE = YES;
				CLANG_WARN__DUPLICATE_METHOD_MATCH = YES;
				COPY_PHASE_STRIP = NO;
				DEBUG_INFORMATION_FORMAT = dwarf;
				ENABLE_STRICT_OBJC_MSGSEND = YES;
				ENABLE_TESTABILITY = YES;
				GCC_C_LANGUAGE_STANDARD = gnu11;
				GCC_DYNAMIC_NO_PIC = NO;
				GCC_NO_COMMON_BLOCKS = YES;
				GCC_OPTIMIZATION_LEVEL = 0;
				GCC_PREPROCESSOR_DEFINITIONS = (
					"DEBUG=1",
					"$(inherited)",
				);
				GCC_WARN_64_TO_32_BIT_CONVERSION = YES;
				GCC_WARN_ABOUT_RETURN_TYPE = YES_ERROR;
				GCC_WARN_UNDECLARED_SELECTOR = YES;
				GCC_WARN_UNINITIALIZED_AUTOS = YES_AGGRESSIVE;
				GCC_WARN_UNUSED_FUNCTION = YES;
				GCC_WARN_UNUSED_VARIABLE = YES;
				IPHONEOS_DEPLOYMENT_TARGET = 16.0;
				MTL_ENABLE_DEBUG_INFO = INCLUDE_SOURCE;
				MTL_FAST_MATH = YES;
				ONLY_ACTIVE_ARCH = YES;
				SDKROOT = iphoneos;
				SWIFT_ACTIVE_COMPILATION_CONDITIONS = DEBUG;
				SWIFT_OPTIMIZATION_LEVEL = "-Onone";
			};
			name = Debug;
		};
		812E8AAB294D13DB005E0275 /* Release */ = {
			isa = XCBuildConfiguration;
			buildSettings = {
				ALWAYS_SEARCH_USER_PATHS = NO;
				CLANG_ANALYZER_NONNULL = YES;
				CLANG_ANALYZER_NUMBER_OBJECT_CONVERSION = YES_AGGRESSIVE;
				CLANG_CXX_LANGUAGE_STANDARD = "gnu++20";
				CLANG_ENABLE_MODULES = YES;
				CLANG_ENABLE_OBJC_ARC = YES;
				CLANG_ENABLE_OBJC_WEAK = YES;
				CLANG_WARN_BLOCK_CAPTURE_AUTORELEASING = YES;
				CLANG_WARN_BOOL_CONVERSION = YES;
				CLANG_WARN_COMMA = YES;
				CLANG_WARN_CONSTANT_CONVERSION = YES;
				CLANG_WARN_DEPRECATED_OBJC_IMPLEMENTATIONS = YES;
				CLANG_WARN_DIRECT_OBJC_ISA_USAGE = YES_ERROR;
				CLANG_WARN_DOCUMENTATION_COMMENTS = YES;
				CLANG_WARN_EMPTY_BODY = YES;
				CLANG_WARN_ENUM_CONVERSION = YES;
				CLANG_WARN_INFINITE_RECURSION = YES;
				CLANG_WARN_INT_CONVERSION = YES;
				CLANG_WARN_NON_LITERAL_NULL_CONVERSION = YES;
				CLANG_WARN_OBJC_IMPLICIT_RETAIN_SELF = YES;
				CLANG_WARN_OBJC_LITERAL_CONVERSION = YES;
				CLANG_WARN_OBJC_ROOT_CLASS = YES_ERROR;
				CLANG_WARN_QUOTED_INCLUDE_IN_FRAMEWORK_HEADER = YES;
				CLANG_WARN_RANGE_LOOP_ANALYSIS = YES;
				CLANG_WARN_STRICT_PROTOTYPES = YES;
				CLANG_WARN_SUSPICIOUS_MOVE = YES;
				CLANG_WARN_UNGUARDED_AVAILABILITY = YES_AGGRESSIVE;
				CLANG_WARN_UNREACHABLE_CODE = YES;
				CLANG_WARN__DUPLICATE_METHOD_MATCH = YES;
				COPY_PHASE_STRIP = NO;
				DEBUG_INFORMATION_FORMAT = "dwarf-with-dsym";
				ENABLE_NS_ASSERTIONS = NO;
				ENABLE_STRICT_OBJC_MSGSEND = YES;
				GCC_C_LANGUAGE_STANDARD = gnu11;
				GCC_NO_COMMON_BLOCKS = YES;
				GCC_WARN_64_TO_32_BIT_CONVERSION = YES;
				GCC_WARN_ABOUT_RETURN_TYPE = YES_ERROR;
				GCC_WARN_UNDECLARED_SELECTOR = YES;
				GCC_WARN_UNINITIALIZED_AUTOS = YES_AGGRESSIVE;
				GCC_WARN_UNUSED_FUNCTION = YES;
				GCC_WARN_UNUSED_VARIABLE = YES;
				IPHONEOS_DEPLOYMENT_TARGET = 16.0;
				MTL_ENABLE_DEBUG_INFO = NO;
				MTL_FAST_MATH = YES;
				SDKROOT = iphoneos;
				SWIFT_COMPILATION_MODE = wholemodule;
				SWIFT_OPTIMIZATION_LEVEL = "-O";
				VALIDATE_PRODUCT = YES;
			};
			name = Release;
		};
		812E8AAD294D13DB005E0275 /* Debug */ = {
			isa = XCBuildConfiguration;
			buildSettings = {
				ASSETCATALOG_COMPILER_APPICON_NAME = AppIcon;
				ASSETCATALOG_COMPILER_GLOBAL_ACCENT_COLOR_NAME = AccentColor;
				CODE_SIGN_STYLE = Automatic;
				CURRENT_PROJECT_VERSION = 1;
				DEVELOPMENT_ASSET_PATHS = "\"Touchdown/Preview Content\"";
				DEVELOPMENT_TEAM = R555F6422X;
				ENABLE_PREVIEWS = YES;
				GENERATE_INFOPLIST_FILE = YES;
				INFOPLIST_FILE = Touchdown/Info.plist;
				INFOPLIST_KEY_UIApplicationSceneManifest_Generation = YES;
				INFOPLIST_KEY_UIApplicationSupportsIndirectInputEvents = YES;
				INFOPLIST_KEY_UISupportedInterfaceOrientations = UIInterfaceOrientationPortrait;
				LD_RUNPATH_SEARCH_PATHS = (
					"$(inherited)",
					"@executable_path/Frameworks",
				);
				MARKETING_VERSION = 1.0;
				PRODUCT_BUNDLE_IDENTIFIER = com.kvm.Touchdown;
				PRODUCT_NAME = "$(TARGET_NAME)";
				SUPPORTED_PLATFORMS = "iphoneos iphonesimulator";
				SUPPORTS_MACCATALYST = NO;
				SUPPORTS_MAC_DESIGNED_FOR_IPHONE_IPAD = NO;
				SWIFT_EMIT_LOC_STRINGS = YES;
				SWIFT_VERSION = 5.0;
				TARGETED_DEVICE_FAMILY = 1;
			};
			name = Debug;
		};
		812E8AAE294D13DB005E0275 /* Release */ = {
			isa = XCBuildConfiguration;
			buildSettings = {
				ASSETCATALOG_COMPILER_APPICON_NAME = AppIcon;
				ASSETCATALOG_COMPILER_GLOBAL_ACCENT_COLOR_NAME = AccentColor;
				CODE_SIGN_STYLE = Automatic;
				CURRENT_PROJECT_VERSION = 1;
				DEVELOPMENT_ASSET_PATHS = "\"Touchdown/Preview Content\"";
				DEVELOPMENT_TEAM = R555F6422X;
				ENABLE_PREVIEWS = YES;
				GENERATE_INFOPLIST_FILE = YES;
				INFOPLIST_FILE = Touchdown/Info.plist;
				INFOPLIST_KEY_UIApplicationSceneManifest_Generation = YES;
				INFOPLIST_KEY_UIApplicationSupportsIndirectInputEvents = YES;
				INFOPLIST_KEY_UISupportedInterfaceOrientations = UIInterfaceOrientationPortrait;
				LD_RUNPATH_SEARCH_PATHS = (
					"$(inherited)",
					"@executable_path/Frameworks",
				);
				MARKETING_VERSION = 1.0;
				PRODUCT_BUNDLE_IDENTIFIER = com.kvm.Touchdown;
				PRODUCT_NAME = "$(TARGET_NAME)";
				SUPPORTED_PLATFORMS = "iphoneos iphonesimulator";
				SUPPORTS_MACCATALYST = NO;
				SUPPORTS_MAC_DESIGNED_FOR_IPHONE_IPAD = NO;
				SWIFT_EMIT_LOC_STRINGS = YES;
				SWIFT_VERSION = 5.0;
				TARGETED_DEVICE_FAMILY = 1;
			};
			name = Release;
		};
/* End XCBuildConfiguration section */

/* Begin XCConfigurationList section */
		812E8A99294D13DA005E0275 /* Build configuration list for PBXProject "Touchdown" */ = {
			isa = XCConfigurationList;
			buildConfigurations = (
				812E8AAA294D13DB005E0275 /* Debug */,
				812E8AAB294D13DB005E0275 /* Release */,
			);
			defaultConfigurationIsVisible = 0;
			defaultConfigurationName = Release;
		};
		812E8AAC294D13DB005E0275 /* Build configuration list for PBXNativeTarget "Touchdown" */ = {
			isa = XCConfigurationList;
			buildConfigurations = (
				812E8AAD294D13DB005E0275 /* Debug */,
				812E8AAE294D13DB005E0275 /* Release */,
			);
			defaultConfigurationIsVisible = 0;
			defaultConfigurationName = Release;
		};
/* End XCConfigurationList section */
	};
	rootObject = 812E8A96294D13DA005E0275 /* Project object */;
}
